codeberg.org/walissonaguirra/zero v0.0.0-20260410055121-1f3939f6d386 h1:7RdIMnX4+7uLthWKWskzisJc1eJSVw6WltHdoslulgo=
codeberg.org/walissonaguirra/zero v0.0.0-20260410055121-1f3939f6d386/go.mod h1:S3jS9RfMbImtW2czBAsx2HV/i5OHri1egFeNhJ3Y+V8=
codeberg.org/walissonaguirra/zero v0.0.0-20260410145339-208d7ace3e3c h1:ItKwY3T+XQPOPnuTbvGwIo1QDQJ/aUTf3WlWszd+lsM=
codeberg.org/walissonaguirra/zero v0.0.0-20260410145339-208d7ace3e3c/go.mod h1:S3jS9RfMbImtW2czBAsx2HV/i5OHri1egFeNhJ3Y+V8=
codeberg.org/walissonaguirra/zero v0.2.0 h1:7M8bfS0kdtzac7nDnvPiARwtbXPRMRQvIkmFPy8jw5k=
codeberg.org/walissonaguirra/zero v0.2.0/go.mod h1:S3jS9RfMbImtW2czBAsx2HV/i5OHri1egFeNhJ3Y+V8=
